
Microsoft Visual Studio Solution File, Format Version 12.00
# Visual Studio Express 2012 for Windows Desktop
Project("{FAE04EC0-301F-11D3-BF4B-00C04F79EFBC}") = "1. GSM Battery Display Definition", "1. GSM Battery Display Definition\1. GSM Battery Display Definition.csproj", "{1ABB4799-087D-453F-87EC-FDDD804636B2}"
EndProject
Project("{FAE04EC0-301F-11D3-BF4B-00C04F79EFBC}") = "GSMLib", "GSMLib\GSMLib.csproj", "{4F8360D9-FF2A-4489-8262-695033F83DE9}"
EndProject
Global
	GlobalSection(SolutionConfigurationPlatforms) = preSolution
		Debug|Any CPU = Debug|Any CPU
		Release|Any CPU = Release|Any CPU
	EndGlobalSection
	GlobalSection(ProjectConfigurationPlatforms) = postSolution
		{1ABB4799-087D-453F-87EC-FDDD804636B2}.Debug|Any CPU.ActiveCfg = Debug|Any CPU
		{1ABB4799-087D-453F-87EC-FDDD804636B2}.Debug|Any CPU.Build.0 = Debug|Any CPU
		{1ABB4799-087D-453F-87EC-FDDD804636B2}.Release|Any CPU.ActiveCfg = Release|Any CPU
		{1ABB4799-087D-453F-87EC-FDDD804636B2}.Release|Any CPU.Build.0 = Release|Any CPU
		{4F8360D9-FF2A-4489-8262-695033F83DE9}.Debug|Any CPU.ActiveCfg = Debug|Any CPU
		{4F8360D9-FF2A-4489-8262-695033F83DE9}.Debug|Any CPU.Build.0 = Debug|Any CPU
		{4F8360D9-FF2A-4489-8262-695033F83DE9}.Release|Any CPU.ActiveCfg = Release|Any CPU
		{4F8360D9-FF2A-4489-8262-695033F83DE9}.Release|Any CPU.Build.0 = Release|Any CPU
	EndGlobalSection
	GlobalSection(SolutionProperties) = preSolution
		HideSolutionNode = FALSE
	EndGlobalSection
EndGlobal
