
Microsoft Visual Studio Solution File, Format Version 12.00
# Visual Studio Express 2012 for Windows Desktop
Project("{FAE04EC0-301F-11D3-BF4B-00C04F79EFBC}") = "7. ConvertNumeralSystems", "7. ConvertNumeralSystems\7. ConvertNumeralSystems.csproj", "{4CC46DCD-2216-4FF5-904A-E439FEAB90D4}"
EndProject
Project("{FAE04EC0-301F-11D3-BF4B-00C04F79EFBC}") = "6. BinaryToHex", "6. BinaryToHex\6. BinaryToHex.csproj", "{DBC0FD91-24D7-43ED-951C-5D2FC3DB62C1}"
EndProject
Project("{FAE04EC0-301F-11D3-BF4B-00C04F79EFBC}") = "5. HexToBinary", "5. HexToBinary\5. HexToBinary.csproj", "{EFC982CE-7232-4A8B-B989-A34587B7880F}"
EndProject
Project("{FAE04EC0-301F-11D3-BF4B-00C04F79EFBC}") = "1. StandardToBin", "1. StandardToBin\1. StandardToBin.csproj", "{84435C3B-9EBD-4F4B-802B-28AF0B6B9867}"
EndProject
Project("{FAE04EC0-301F-11D3-BF4B-00C04F79EFBC}") = "2. BinaryToStandard", "2. BinaryToStandard\2. BinaryToStandard.csproj", "{59241F18-87CE-4678-8F44-47833F5CBE65}"
EndProject
Project("{FAE04EC0-301F-11D3-BF4B-00C04F79EFBC}") = "3. StandardToHex", "3. StandardToHex\3. StandardToHex.csproj", "{D93F12BF-AC06-48D2-84A5-9A1732222619}"
EndProject
Project("{FAE04EC0-301F-11D3-BF4B-00C04F79EFBC}") = "4. HexToStandard", "4. HexToStandard\4. HexToStandard.csproj", "{610A3AAC-6EE8-4873-9686-3F2560E132A4}"
EndProject
Project("{FAE04EC0-301F-11D3-BF4B-00C04F79EFBC}") = "8. ShortIntToBinary", "8. ShortIntToBinary\8. ShortIntToBinary.csproj", "{F67F0AAC-B3BD-43C5-880D-EC2065E20D49}"
EndProject
Project("{FAE04EC0-301F-11D3-BF4B-00C04F79EFBC}") = "9. Float To Binary", "9. Float To Binary\9. Float To Binary.csproj", "{0F242BF0-5A46-46AC-81C7-C609D693B59E}"
EndProject
Global
	GlobalSection(SolutionConfigurationPlatforms) = preSolution
		Debug|Any CPU = Debug|Any CPU
		Release|Any CPU = Release|Any CPU
	EndGlobalSection
	GlobalSection(ProjectConfigurationPlatforms) = postSolution
		{4CC46DCD-2216-4FF5-904A-E439FEAB90D4}.Debug|Any CPU.ActiveCfg = Debug|Any CPU
		{4CC46DCD-2216-4FF5-904A-E439FEAB90D4}.Debug|Any CPU.Build.0 = Debug|Any CPU
		{4CC46DCD-2216-4FF5-904A-E439FEAB90D4}.Release|Any CPU.ActiveCfg = Release|Any CPU
		{4CC46DCD-2216-4FF5-904A-E439FEAB90D4}.Release|Any CPU.Build.0 = Release|Any CPU
		{DBC0FD91-24D7-43ED-951C-5D2FC3DB62C1}.Debug|Any CPU.ActiveCfg = Debug|Any CPU
		{DBC0FD91-24D7-43ED-951C-5D2FC3DB62C1}.Debug|Any CPU.Build.0 = Debug|Any CPU
		{DBC0FD91-24D7-43ED-951C-5D2FC3DB62C1}.Release|Any CPU.ActiveCfg = Release|Any CPU
		{DBC0FD91-24D7-43ED-951C-5D2FC3DB62C1}.Release|Any CPU.Build.0 = Release|Any CPU
		{EFC982CE-7232-4A8B-B989-A34587B7880F}.Debug|Any CPU.ActiveCfg = Debug|Any CPU
		{EFC982CE-7232-4A8B-B989-A34587B7880F}.Debug|Any CPU.Build.0 = Debug|Any CPU
		{EFC982CE-7232-4A8B-B989-A34587B7880F}.Release|Any CPU.ActiveCfg = Release|Any CPU
		{EFC982CE-7232-4A8B-B989-A34587B7880F}.Release|Any CPU.Build.0 = Release|Any CPU
		{84435C3B-9EBD-4F4B-802B-28AF0B6B9867}.Debug|Any CPU.ActiveCfg = Debug|Any CPU
		{84435C3B-9EBD-4F4B-802B-28AF0B6B9867}.Debug|Any CPU.Build.0 = Debug|Any CPU
		{84435C3B-9EBD-4F4B-802B-28AF0B6B9867}.Release|Any CPU.ActiveCfg = Release|Any CPU
		{84435C3B-9EBD-4F4B-802B-28AF0B6B9867}.Release|Any CPU.Build.0 = Release|Any CPU
		{59241F18-87CE-4678-8F44-47833F5CBE65}.Debug|Any CPU.ActiveCfg = Debug|Any CPU
		{59241F18-87CE-4678-8F44-47833F5CBE65}.Debug|Any CPU.Build.0 = Debug|Any CPU
		{59241F18-87CE-4678-8F44-47833F5CBE65}.Release|Any CPU.ActiveCfg = Release|Any CPU
		{59241F18-87CE-4678-8F44-47833F5CBE65}.Release|Any CPU.Build.0 = Release|Any CPU
		{D93F12BF-AC06-48D2-84A5-9A1732222619}.Debug|Any CPU.ActiveCfg = Debug|Any CPU
		{D93F12BF-AC06-48D2-84A5-9A1732222619}.Debug|Any CPU.Build.0 = Debug|Any CPU
		{D93F12BF-AC06-48D2-84A5-9A1732222619}.Release|Any CPU.ActiveCfg = Release|Any CPU
		{D93F12BF-AC06-48D2-84A5-9A1732222619}.Release|Any CPU.Build.0 = Release|Any CPU
		{610A3AAC-6EE8-4873-9686-3F2560E132A4}.Debug|Any CPU.ActiveCfg = Debug|Any CPU
		{610A3AAC-6EE8-4873-9686-3F2560E132A4}.Debug|Any CPU.Build.0 = Debug|Any CPU
		{610A3AAC-6EE8-4873-9686-3F2560E132A4}.Release|Any CPU.ActiveCfg = Release|Any CPU
		{610A3AAC-6EE8-4873-9686-3F2560E132A4}.Release|Any CPU.Build.0 = Release|Any CPU
		{F67F0AAC-B3BD-43C5-880D-EC2065E20D49}.Debug|Any CPU.ActiveCfg = Debug|Any CPU
		{F67F0AAC-B3BD-43C5-880D-EC2065E20D49}.Debug|Any CPU.Build.0 = Debug|Any CPU
		{F67F0AAC-B3BD-43C5-880D-EC2065E20D49}.Release|Any CPU.ActiveCfg = Release|Any CPU
		{F67F0AAC-B3BD-43C5-880D-EC2065E20D49}.Release|Any CPU.Build.0 = Release|Any CPU
		{0F242BF0-5A46-46AC-81C7-C609D693B59E}.Debug|Any CPU.ActiveCfg = Debug|Any CPU
		{0F242BF0-5A46-46AC-81C7-C609D693B59E}.Debug|Any CPU.Build.0 = Debug|Any CPU
		{0F242BF0-5A46-46AC-81C7-C609D693B59E}.Release|Any CPU.ActiveCfg = Release|Any CPU
		{0F242BF0-5A46-46AC-81C7-C609D693B59E}.Release|Any CPU.Build.0 = Release|Any CPU
	EndGlobalSection
	GlobalSection(SolutionProperties) = preSolution
		HideSolutionNode = FALSE
	EndGlobalSection
EndGlobal
